
Microsoft Visual Studio Solution File, Format Version 12.00
# Visual Studio 15
VisualStudioVersion = 15.0.28307.421
MinimumVisualStudioVersion = 10.0.40219.1
Project("{FAE04EC0-301F-11D3-BF4B-00C04F79EFBC}") = "SqlDemo", "SqlDemo\SqlDemo.csproj", "{29EE0500-5ABA-49D0-AABA-E3B8713CEEBC}"
EndProject
Project("{FAE04EC0-301F-11D3-BF4B-00C04F79EFBC}") = "SqlLibrary", "..\SQL_2\SqlLibrary\SqlLibrary.csproj", "{3D1D3578-F0C6-4A3F-8D57-E6FAC7277400}"
EndProject
Global
	GlobalSection(SolutionConfigurationPlatforms) = preSolution
		Debug|Any CPU = Debug|Any CPU
		Release|Any CPU = Release|Any CPU
	EndGlobalSection
	GlobalSection(ProjectConfigurationPlatforms) = postSolution
		{29EE0500-5ABA-49D0-AABA-E3B8713CEEBC}.Debug|Any CPU.ActiveCfg = Debug|Any CPU
		{29EE0500-5ABA-49D0-AABA-E3B8713CEEBC}.Debug|Any CPU.Build.0 = Debug|Any CPU
		{29EE0500-5ABA-49D0-AABA-E3B8713CEEBC}.Release|Any CPU.ActiveCfg = Release|Any CPU
		{29EE0500-5ABA-49D0-AABA-E3B8713CEEBC}.Release|Any CPU.Build.0 = Release|Any CPU
		{3D1D3578-F0C6-4A3F-8D57-E6FAC7277400}.Debug|Any CPU.ActiveCfg = Debug|Any CPU
		{3D1D3578-F0C6-4A3F-8D57-E6FAC7277400}.Debug|Any CPU.Build.0 = Debug|Any CPU
		{3D1D3578-F0C6-4A3F-8D57-E6FAC7277400}.Release|Any CPU.ActiveCfg = Release|Any CPU
		{3D1D3578-F0C6-4A3F-8D57-E6FAC7277400}.Release|Any CPU.Build.0 = Release|Any CPU
	EndGlobalSection
	GlobalSection(SolutionProperties) = preSolution
		HideSolutionNode = FALSE
	EndGlobalSection
	GlobalSection(ExtensibilityGlobals) = postSolution
		SolutionGuid = {B6F3C031-283F-4B7E-8F8D-752A3667E393}
	EndGlobalSection
EndGlobal
